
Microsoft Visual Studio Solution File, Format Version 12.00
Project("{FAE04EC0-301F-11D3-BF4B-00C04F79EFBC}") = "Racket.Match.Backend.Tests", "Racket.Match.Backend.Tests.csproj", "{68FB9550-BF2A-4BEF-A0F6-DEFA7BB7732A}"
EndProject
Global
	GlobalSection(SolutionConfigurationPlatforms) = preSolution
		Debug|Any CPU = Debug|Any CPU
		Release|Any CPU = Release|Any CPU
	EndGlobalSection
	GlobalSection(ProjectConfigurationPlatforms) = postSolution
		{68FB9550-BF2A-4BEF-A0F6-DEFA7BB7732A}.Debug|Any CPU.ActiveCfg = Debug|Any CPU
		{68FB9550-BF2A-4BEF-A0F6-DEFA7BB7732A}.Debug|Any CPU.Build.0 = Debug|Any CPU
		{68FB9550-BF2A-4BEF-A0F6-DEFA7BB7732A}.Release|Any CPU.ActiveCfg = Release|Any CPU
		{68FB9550-BF2A-4BEF-A0F6-DEFA7BB7732A}.Release|Any CPU.Build.0 = Release|Any CPU
	EndGlobalSection
EndGlobal
